
Microsoft Visual Studio Solution File, Format Version 12.00
# Visual Studio 15
VisualStudioVersion = 15.0.33403.129
MinimumVisualStudioVersion = 10.0.40219.1
Project("{FAE04EC0-301F-11D3-BF4B-00C04F79EFBC}") = "tesst2", "tesst2\tesst2.csproj", "{65943922-7BCA-426F-947F-F955F105A8EE}"
EndProject
Global
	GlobalSection(SolutionConfigurationPlatforms) = preSolution
		Debug|Any CPU = Debug|Any CPU
		Release|Any CPU = Release|Any CPU
	EndGlobalSection
	GlobalSection(ProjectConfigurationPlatforms) = postSolution
		{65943922-7BCA-426F-947F-F955F105A8EE}.Debug|Any CPU.ActiveCfg = Debug|Any CPU
		{65943922-7BCA-426F-947F-F955F105A8EE}.Debug|Any CPU.Build.0 = Debug|Any CPU
		{65943922-7BCA-426F-947F-F955F105A8EE}.Release|Any CPU.ActiveCfg = Release|Any CPU
		{65943922-7BCA-426F-947F-F955F105A8EE}.Release|Any CPU.Build.0 = Release|Any CPU
	EndGlobalSection
	GlobalSection(SolutionProperties) = preSolution
		HideSolutionNode = FALSE
	EndGlobalSection
	GlobalSection(ExtensibilityGlobals) = postSolution
		SolutionGuid = {E2997F10-1644-47DF-BFFC-35D1D9889C02}
	EndGlobalSection
EndGlobal
